// !$*UTF8*$!
{
	archiveVersion = 1;
	classes = {
	};
	objectVersion = 46;
	objects = {

/* Begin PBXBuildFile section */
		2DF341C61AEE393900905C3D /* AppDelegate.swift in Sources */ = {isa = PBXBuildFile; fileRef = 2DF341C51AEE393900905C3D /* AppDelegate.swift */; };
		2DF341C91AEE393900905C3D /* Pomodoro.xcdatamodeld in Sources */ = {isa = PBXBuildFile; fileRef = 2DF341C71AEE393900905C3D /* Pomodoro.xcdatamodeld */; };
		2DF341CB1AEE393900905C3D /* ViewController.swift in Sources */ = {isa = PBXBuildFile; fileRef = 2DF341CA1AEE393900905C3D /* ViewController.swift */; };
		2DF341CE1AEE393900905C3D /* Main.storyboard in Resources */ = {isa = PBXBuildFile; fileRef = 2DF341CC1AEE393900905C3D /* Main.storyboard */; };
		2DF341D01AEE393900905C3D /* Images.xcassets in Resources */ = {isa = PBXBuildFile; fileRef = 2DF341CF1AEE393900905C3D /* Images.xcassets */; };
		2DF341D31AEE393900905C3D /* LaunchScreen.xib in Resources */ = {isa = PBXBuildFile; fileRef = 2DF341D11AEE393900905C3D /* LaunchScreen.xib */; };
		2DF341DF1AEE393A00905C3D /* PomodoroTests.swift in Sources */ = {isa = PBXBuildFile; fileRef = 2DF341DE1AEE393A00905C3D /* PomodoroTests.swift */; };
/* End PBXBuildFile section */

/* Begin PBXContainerItemProxy section */
		2DF341D91AEE393A00905C3D /* PBXContainerItemProxy */ = {
			isa = PBXContainerItemProxy;
			containerPortal = 2DF341B81AEE393900905C3D /* Project object */;
			proxyType = 1;
			remoteGlobalIDString = 2DF341BF1AEE393900905C3D;
			remoteInfo = Pomodoro;
		};
/* End PBXContainerItemProxy section */

/* Begin PBXFileReference section */
		2DF341C01AEE393900905C3D /* Pomodoro.app */ = {isa = PBXFileReference; explicitFileType = wrapper.application; includeInIndex = 0; path = Pomodoro.app; sourceTree = BUILT_PRODUCTS_DIR; };
		2DF341C41AEE393900905C3D /* Info.plist */ = {isa = PBXFileReference; lastKnownFileType = text.plist.xml; path = Info.plist; sourceTree = "<group>"; };
		2DF341C51AEE393900905C3D /* AppDelegate.swift */ = {isa = PBXFileReference; lastKnownFileType = sourcecode.swift; path = AppDelegate.swift; sourceTree = "<group>"; };
		2DF341C81AEE393900905C3D /* Pomodoro.xcdatamodel */ = {isa = PBXFileReference; lastKnownFileType = wrapper.xcdatamodel; path = Pomodoro.xcdatamodel; sourceTree = "<group>"; };
		2DF341CA1AEE393900905C3D /* ViewController.swift */ = {isa = PBXFileReference; lastKnownFileType = sourcecode.swift; path = ViewController.swift; sourceTree = "<group>"; };
		2DF341CD1AEE393900905C3D /* Base */ = {isa = PBXFileReference; lastKnownFileType = file.storyboard; name = Base; path = Base.lproj/Main.storyboard; sourceTree = "<group>"; };
		2DF341CF1AEE393900905C3D /* Images.xcassets */ = {isa = PBXFileReference; lastKnownFileType = folder.assetcatalog; path = Images.xcassets; sourceTree = "<group>"; };
		2DF341D21AEE393900905C3D /* Base */ = {isa = PBXFileReference; lastKnownFileType = file.xib; name = Base; path = Base.lproj/LaunchScreen.xib; sourceTree = "<group>"; };
		2DF341D81AEE393A00905C3D /* PomodoroTests.xctest */ = {isa = PBXFileReference; explicitFileType = wrapper.cfbundle; includeInIndex = 0; path = PomodoroTests.xctest; sourceTree = BUILT_PRODUCTS_DIR; };
		2DF341DD1AEE393A00905C3D /* Info.plist */ = {isa = PBXFileReference; lastKnownFileType = text.plist.xml; path = Info.plist; sourceTree = "<group>"; };
		2DF341DE1AEE393A00905C3D /* PomodoroTests.swift */ = {isa = PBXFileReference; lastKnownFileType = sourcecode.swift; path = PomodoroTests.swift; sourceTree = "<group>"; };
/* End PBXFileReference section */

/* Begin PBXFrameworksBuildPhase section */
		2DF341BD1AEE393900905C3D /* Frameworks */ = {
			isa = PBXFrameworksBuildPhase;
			buildActionMask = 2147483647;
			files = (
			);
			runOnlyForDeploymentPostprocessing = 0;
		};
		2DF341D51AEE393A00905C3D /* Frameworks */ = {
			isa = PBXFrameworksBuildPhase;
			buildActionMask = 2147483647;
			files = (
			);
			runOnlyForDeploymentPostprocessing = 0;
		};
/* End PBXFrameworksBuildPhase section */

/* Begin PBXGroup section */
		2DF341B71AEE393900905C3D = {
			isa = PBXGroup;
			children = (
				2DF341C21AEE393900905C3D /* Pomodoro */,
				2DF341DB1AEE393A00905C3D /* PomodoroTests */,
				2DF341C11AEE393900905C3D /* Products */,
			);
			sourceTree = "<group>";
		};
		2DF341C11AEE393900905C3D /* Products */ = {
			isa = PBXGroup;
			children = (
				2DF341C01AEE393900905C3D /* Pomodoro.app */,
				2DF341D81AEE393A00905C3D /* PomodoroTests.xctest */,
			);
			name = Products;
			sourceTree = "<group>";
		};
		2DF341C21AEE393900905C3D /* Pomodoro */ = {
			isa = PBXGroup;
			children = (
				2DF341C51AEE393900905C3D /* AppDelegate.swift */,
				2DF341CA1AEE393900905C3D /* ViewController.swift */,
				2DF341CC1AEE393900905C3D /* Main.storyboard */,
				2DF341CF1AEE393900905C3D /* Images.xcassets */,
				2DF341D11AEE393900905C3D /* LaunchScreen.xib */,
				2DF341C71AEE393900905C3D /* Pomodoro.xcdatamodeld */,
				2DF341C31AEE393900905C3D /* Supporting Files */,
			);
			path = Pomodoro;
			sourceTree = "<group>";
		};
		2DF341C31AEE393900905C3D /* Supporting Files */ = {
			isa = PBXGroup;
			children = (
				2DF341C41AEE393900905C3D /* Info.plist */,
			);
			name = "Supporting Files";
			sourceTree = "<group>";
		};
		2DF341DB1AEE393A00905C3D /* PomodoroTests */ = {
			isa = PBXGroup;
			children = (
				2DF341DE1AEE393A00905C3D /* PomodoroTests.swift */,
				2DF341DC1AEE393A00905C3D /* Supporting Files */,
			);
			path = PomodoroTests;
			sourceTree = "<group>";
		};
		2DF341DC1AEE393A00905C3D /* Supporting Files */ = {
			isa = PBXGroup;
			children = (
				2DF341DD1AEE393A00905C3D /* Info.plist */,
			);
			name = "Supporting Files";
			sourceTree = "<group>";
		};
/* End PBXGroup section */

/* Begin PBXNativeTarget section */
		2DF341BF1AEE393900905C3D /* Pomodoro */ = {
			isa = PBXNativeTarget;
			buildConfigurationList = 2DF341E21AEE393A00905C3D /* Build configuration list for PBXNativeTarget "Pomodoro" */;
			buildPhases = (
				2DF341BC1AEE393900905C3D /* Sources */,
				2DF341BD1AEE393900905C3D /* Frameworks */,
				2DF341BE1AEE393900905C3D /* Resources */,
			);
			buildRules = (
			);
			dependencies = (
			);
			name = Pomodoro;
			productName = Pomodoro;
			productReference = 2DF341C01AEE393900905C3D /* Pomodoro.app */;
			productType = "com.apple.product-type.application";
		};
		2DF341D71AEE393A00905C3D /* PomodoroTests */ = {
			isa = PBXNativeTarget;
			buildConfigurationList = 2DF341E51AEE393A00905C3D /* Build configuration list for PBXNativeTarget "PomodoroTests" */;
			buildPhases = (
				2DF341D41AEE393A00905C3D /* Sources */,
				2DF341D51AEE393A00905C3D /* Frameworks */,
				2DF341D61AEE393A00905C3D /* Resources */,
			);
			buildRules = (
			);
			dependencies = (
				2DF341DA1AEE393A00905C3D /* PBXTargetDependency */,
			);
			name = PomodoroTests;
			productName = PomodoroTests;
			productReference = 2DF341D81AEE393A00905C3D /* PomodoroTests.xctest */;
			productType = "com.apple.product-type.bundle.unit-test";
		};
/* End PBXNativeTarget section */

/* Begin PBXProject section */
		2DF341B81AEE393900905C3D /* Project object */ = {
			isa = PBXProject;
			attributes = {
				LastUpgradeCheck = 0630;
				ORGANIZATIONNAME = sw5;
				TargetAttributes = {
					2DF341BF1AEE393900905C3D = {
						CreatedOnToolsVersion = 6.3;
					};
					2DF341D71AEE393A00905C3D = {
						CreatedOnToolsVersion = 6.3;
						TestTargetID = 2DF341BF1AEE393900905C3D;
					};
				};
			};
			buildConfigurationList = 2DF341BB1AEE393900905C3D /* Build configuration list for PBXProject "Pomodoro" */;
			compatibilityVersion = "Xcode 3.2";
			developmentRegion = English;
			hasScannedForEncodings = 0;
			knownRegions = (
				en,
				Base,
			);
			mainGroup = 2DF341B71AEE393900905C3D;
			productRefGroup = 2DF341C11AEE393900905C3D /* Products */;
			projectDirPath = "";
			projectRoot = "";
			targets = (
				2DF341BF1AEE393900905C3D /* Pomodoro */,
				2DF341D71AEE393A00905C3D /* PomodoroTests */,
			);
		};
/* End PBXProject section */

/* Begin PBXResourcesBuildPhase section */
		2DF341BE1AEE393900905C3D /* Resources */ = {
			isa = PBXResourcesBuildPhase;
			buildActionMask = 2147483647;
			files = (
				2DF341CE1AEE393900905C3D /* Main.storyboard in Resources */,
				2DF341D31AEE393900905C3D /* LaunchScreen.xib in Resources */,
				2DF341D01AEE393900905C3D /* Images.xcassets in Resources */,
			);
			runOnlyForDeploymentPostprocessing = 0;
		};
		2DF341D61AEE393A00905C3D /* Resources */ = {
			isa = PBXResourcesBuildPhase;
			buildActionMask = 2147483647;
			files = (
			);
			runOnlyForDeploymentPostprocessing = 0;
		};
/* End PBXResourcesBuildPhase section */

/* Begin PBXSourcesBuildPhase section */
		2DF341BC1AEE393900905C3D /* Sources */ = {
			isa = PBXSourcesBuildPhase;
			buildActionMask = 2147483647;
			files = (
				2DF341CB1AEE393900905C3D /* ViewController.swift in Sources */,
				2DF341C91AEE393900905C3D /* Pomodoro.xcdatamodeld in Sources */,
				2DF341C61AEE393900905C3D /* AppDelegate.swift in Sources */,
			);
			runOnlyForDeploymentPostprocessing = 0;
		};
		2DF341D41AEE393A00905C3D /* Sources */ = {
			isa = PBXSourcesBuildPhase;
			buildActionMask = 2147483647;
			files = (
				2DF341DF1AEE393A00905C3D /* PomodoroTests.swift in Sources */,
			);
			runOnlyForDeploymentPostprocessing = 0;
		};
/* End PBXSourcesBuildPhase section */

/* Begin PBXTargetDependency section */
		2DF341DA1AEE393A00905C3D /* PBXTargetDependency */ = {
			isa = PBXTargetDependency;
			target = 2DF341BF1AEE393900905C3D /* Pomodoro */;
			targetProxy = 2DF341D91AEE393A00905C3D /* PBXContainerItemProxy */;
		};
/* End PBXTargetDependency section */

/* Begin PBXVariantGroup section */
		2DF341CC1AEE393900905C3D /* Main.storyboard */ = {
			isa = PBXVariantGroup;
			children = (
				2DF341CD1AEE393900905C3D /* Base */,
			);
			name = Main.storyboard;
			sourceTree = "<group>";
		};
		2DF341D11AEE393900905C3D /* LaunchScreen.xib */ = {
			isa = PBXVariantGroup;
			children = (
				2DF341D21AEE393900905C3D /* Base */,
			);
			name = LaunchScreen.xib;
			sourceTree = "<group>";
		};
/* End PBXVariantGroup section */

/* Begin XCBuildConfiguration section */
		2DF341E01AEE393A00905C3D /* Debug */ = {
			isa = XCBuildConfiguration;
			buildSettings = {
				ALWAYS_SEARCH_USER_PATHS = NO;
				CLANG_CXX_LANGUAGE_STANDARD = "gnu++0x";
				CLANG_CXX_LIBRARY = "libc++";
				CLANG_ENABLE_MODULES = YES;
				CLANG_ENABLE_OBJC_ARC = YES;
				CLANG_WARN_BOOL_CONVERSION = YES;
				CLANG_WARN_CONSTANT_CONVERSION = YES;
				CLANG_WARN_DIRECT_OBJC_ISA_USAGE = YES_ERROR;
				CLANG_WARN_EMPTY_BODY = YES;
				CLANG_WARN_ENUM_CONVERSION = YES;
				CLANG_WARN_INT_CONVERSION = YES;
				CLANG_WARN_OBJC_ROOT_CLASS = YES_ERROR;
				CLANG_WARN_UNREACHABLE_CODE = YES;
				CLANG_WARN__DUPLICATE_METHOD_MATCH = YES;
				"CODE_SIGN_IDENTITY[sdk=iphoneos*]" = "iPhone Developer";
				COPY_PHASE_STRIP = NO;
				DEBUG_INFORMATION_FORMAT = "dwarf-with-dsym";
				ENABLE_STRICT_OBJC_MSGSEND = YES;
				GCC_C_LANGUAGE_STANDARD = gnu99;
				GCC_DYNAMIC_NO_PIC = NO;
				GCC_NO_COMMON_BLOCKS = YES;
				GCC_OPTIMIZATION_LEVEL = 0;
				GCC_PREPROCESSOR_DEFINITIONS = (
					"DEBUG=1",
					"$(inherited)",
				);
				GCC_SYMBOLS_PRIVATE_EXTERN = NO;
				GCC_WARN_64_TO_32_BIT_CONVERSION = YES;
				GCC_WARN_ABOUT_RETURN_TYPE = YES_ERROR;
				GCC_WARN_UNDECLARED_SELECTOR = YES;
				GCC_WARN_UNINITIALIZED_AUTOS = YES_AGGRESSIVE;
				GCC_WARN_UNUSED_FUNCTION = YES;
				GCC_WARN_UNUSED_VARIABLE = YES;
				IPHONEOS_DEPLOYMENT_TARGET = 8.3;
				MTL_ENABLE_DEBUG_INFO = YES;
				ONLY_ACTIVE_ARCH = YES;
				SDKROOT = iphoneos;
				SWIFT_OPTIMIZATION_LEVEL = "-Onone";
			};
			name = Debug;
		};
		2DF341E11AEE393A00905C3D /* Release */ = {
			isa = XCBuildConfiguration;
			buildSettings = {
				ALWAYS_SEARCH_USER_PATHS = NO;
				CLANG_CXX_LANGUAGE_STANDARD = "gnu++0x";
				CLANG_CXX_LIBRARY = "libc++";
				CLANG_ENABLE_MODULES = YES;
				CLANG_ENABLE_OBJC_ARC = YES;
				CLANG_WARN_BOOL_CONVERSION = YES;
				CLANG_WARN_CONSTANT_CONVERSION = YES;
				CLANG_WARN_DIRECT_OBJC_ISA_USAGE = YES_ERROR;
				CLANG_WARN_EMPTY_BODY = YES;
				CLANG_WARN_ENUM_CONVERSION = YES;
				CLANG_WARN_INT_CONVERSION = YES;
				CLANG_WARN_OBJC_ROOT_CLASS = YES_ERROR;
				CLANG_WARN_UNREACHABLE_CODE = YES;
				CLANG_WARN__DUPLICATE_METHOD_MATCH = YES;
				"CODE_SIGN_IDENTITY[sdk=iphoneos*]" = "iPhone Developer";
				COPY_PHASE_STRIP = NO;
				DEBUG_INFORMATION_FORMAT = "dwarf-with-dsym";
				ENABLE_NS_ASSERTIONS = NO;
				ENABLE_STRICT_OBJC_MSGSEND = YES;
				GCC_C_LANGUAGE_STANDARD = gnu99;
				GCC_NO_COMMON_BLOCKS = YES;
				GCC_WARN_64_TO_32_BIT_CONVERSION = YES;
				GCC_WARN_ABOUT_RETURN_TYPE = YES_ERROR;
				GCC_WARN_UNDECLARED_SELECTOR = YES;
				GCC_WARN_UNINITIALIZED_AUTOS = YES_AGGRESSIVE;
				GCC_WARN_UNUSED_FUNCTION = YES;
				GCC_WARN_UNUSED_VARIABLE = YES;
				IPHONEOS_DEPLOYMENT_TARGET = 8.3;
				MTL_ENABLE_DEBUG_INFO = NO;
				SDKROOT = iphoneos;
				VALIDATE_PRODUCT = YES;
			};
			name = Release;
		};
		2DF341E31AEE393A00905C3D /* Debug */ = {
			isa = XCBuildConfiguration;
			buildSettings = {
				ASSETCATALOG_COMPILER_APPICON_NAME = AppIcon;
				INFOPLIST_FILE = Pomodoro/Info.plist;
				IPHONEOS_DEPLOYMENT_TARGET = 7.0;
				LD_RUNPATH_SEARCH_PATHS = "$(inherited) @executable_path/Frameworks";
				PRODUCT_NAME = "$(TARGET_NAME)";
			};
			name = Debug;
		};
		2DF341E41AEE393A00905C3D /* Release */ = {
			isa = XCBuildConfiguration;
			buildSettings = {
				ASSETCATALOG_COMPILER_APPICON_NAME = AppIcon;
				INFOPLIST_FILE = Pomodoro/Info.plist;
				IPHONEOS_DEPLOYMENT_TARGET = 7.0;
				LD_RUNPATH_SEARCH_PATHS = "$(inherited) @executable_path/Frameworks";
				PRODUCT_NAME = "$(TARGET_NAME)";
			};
			name = Release;
		};
		2DF341E61AEE393A00905C3D /* Debug */ = {
			isa = XCBuildConfiguration;
			buildSettings = {
				BUNDLE_LOADER = "$(TEST_HOST)";
				FRAMEWORK_SEARCH_PATHS = (
					"$(SDKROOT)/Developer/Library/Frameworks",
					"$(inherited)",
				);
				GCC_PREPROCESSOR_DEFINITIONS = (
					"DEBUG=1",
					"$(inherited)",
				);
				INFOPLIST_FILE = PomodoroTests/Info.plist;
				LD_RUNPATH_SEARCH_PATHS = "$(inherited) @executable_path/Frameworks @loader_path/Frameworks";
				PRODUCT_NAME = "$(TARGET_NAME)";
				TEST_HOST = "$(BUILT_PRODUCTS_DIR)/Pomodoro.app/Pomodoro";
			};
			name = Debug;
		};
		2DF341E71AEE393A00905C3D /* Release */ = {
			isa = XCBuildConfiguration;
			buildSettings = {
				BUNDLE_LOADER = "$(TEST_HOST)";
				FRAMEWORK_SEARCH_PATHS = (
					"$(SDKROOT)/Developer/Library/Frameworks",
					"$(inherited)",
				);
				INFOPLIST_FILE = PomodoroTests/Info.plist;
				LD_RUNPATH_SEARCH_PATHS = "$(inherited) @executable_path/Frameworks @loader_path/Frameworks";
				PRODUCT_NAME = "$(TARGET_NAME)";
				TEST_HOST = "$(BUILT_PRODUCTS_DIR)/Pomodoro.app/Pomodoro";
			};
			name = Release;
		};
/* End XCBuildConfiguration section */

/* Begin XCConfigurationList section */
		2DF341BB1AEE393900905C3D /* Build configuration list for PBXProject "Pomodoro" */ = {
			isa = XCConfigurationList;
			buildConfigurations = (
				2DF341E01AEE393A00905C3D /* Debug */,
				2DF341E11AEE393A00905C3D /* Release */,
			);
			defaultConfigurationIsVisible = 0;
			defaultConfigurationName = Release;
		};
		2DF341E21AEE393A00905C3D /* Build configuration list for PBXNativeTarget "Pomodoro" */ = {
			isa = XCConfigurationList;
			buildConfigurations = (
				2DF341E31AEE393A00905C3D /* Debug */,
				2DF341E41AEE393A00905C3D /* Release */,
			);
			defaultConfigurationIsVisible = 0;
			defaultConfigurationName = Release;
		};
		2DF341E51AEE393A00905C3D /* Build configuration list for PBXNativeTarget "PomodoroTests" */ = {
			isa = XCConfigurationList;
			buildConfigurations = (
				2DF341E61AEE393A00905C3D /* Debug */,
				2DF341E71AEE393A00905C3D /* Release */,
			);
			defaultConfigurationIsVisible = 0;
			defaultConfigurationName = Release;
		};
/* End XCConfigurationList section */

/* Begin XCVersionGroup section */
		2DF341C71AEE393900905C3D /* Pomodoro.xcdatamodeld */ = {
			isa = XCVersionGroup;
			children = (
				2DF341C81AEE393900905C3D /* Pomodoro.xcdatamodel */,
			);
			currentVersion = 2DF341C81AEE393900905C3D /* Pomodoro.xcdatamodel */;
			path = Pomodoro.xcdatamodeld;
			sourceTree = "<group>";
			versionGroupType = wrapper.xcdatamodel;
		};
/* End XCVersionGroup section */
	};
	rootObject = 2DF341B81AEE393900905C3D /* Project object */;
}
